<?xml version="1.0" encoding="utf-8"?>
<Project ToolsVersion="4.0" xmlns="http://schemas.microsoft.com/developer/msbuild/2003">
  <ItemGroup>
    <Filter Include="Pliki źródłowe">
      <UniqueIdentifier>{4FC737F1-C7A5-4376-A066-2A32D752A2FF}</UniqueIdentifier>
      <Extensions>cpp;c;cc;cxx;def;odl;idl;hpj;bat;asm;asmx</Extensions>
    </Filter>
    <Filter Include="Pliki nagłówkowe">
      <UniqueIdentifier>{93995380-89BD-4b04-88EB-625FBE52EBFB}</UniqueIdentifier>
      <Extensions>h;hh;hpp;hxx;hm;inl;inc;xsd</Extensions>
    </Filter>
    <Filter Include="Pliki zasobów">
      <UniqueIdentifier>{67DA6AB6-F800-4c08-8B7A-83BB121AAD01}</UniqueIdentifier>
      <Extensions>rc;ico;cur;bmp;dlg;rc2;rct;bin;rgs;gif;jpg;jpeg;jpe;resx;tiff;tif;png;wav;mfcribbon-ms</Extensions>
    </Filter>
    <Filter Include="Pliki źródłowe\Renderer">
      <UniqueIdentifier>{1023572f-0576-4ef8-ad66-befa662463fd}</UniqueIdentifier>
    </Filter>
    <Filter Include="Pliki nagłówkowe\Renderer">
      <UniqueIdentifier>{fb47a1e7-054c-4d3e-b384-af4d8032afbc}</UniqueIdentifier>
    </Filter>
    <Filter Include="Pliki nagłówkowe\Shaders">
      <UniqueIdentifier>{a4ef1d31-3828-423b-93cc-29af35b12245}</UniqueIdentifier>
    </Filter>
    <Filter Include="Pliki nagłówkowe\Loaders">
      <UniqueIdentifier>{6ef5b82c-1d82-497f-9864-8ea8d32a5997}</UniqueIdentifier>
    </Filter>
    <Filter Include="Pliki nagłówkowe\models">
      <UniqueIdentifier>{8c18039d-6119-4b41-9545-8187e6a18502}</UniqueIdentifier>
    </Filter>
    <Filter Include="Pliki nagłówkowe\Input">
      <UniqueIdentifier>{3fb4509f-ad18-4454-bda3-68508c83941c}</UniqueIdentifier>
    </Filter>
    <Filter Include="Pliki nagłówkowe\Misc">
      <UniqueIdentifier>{0d657225-efd6-43d7-bdc8-9f98fc1c2400}</UniqueIdentifier>
    </Filter>
  </ItemGroup>
  <ItemGroup>
    <ClInclude Include="MasterRenderer.h">
      <Filter>Pliki nagłówkowe\Renderer</Filter>
    </ClInclude>
    <ClInclude Include="shaderProgram.h">
      <Filter>Pliki nagłówkowe\Shaders</Filter>
    </ClInclude>
    <ClInclude Include="staticShader.h">
      <Filter>Pliki nagłówkowe\Shaders</Filter>
    </ClInclude>
    <ClInclude Include="resourceManager.h">
      <Filter>Pliki nagłówkowe\Loaders</Filter>
    </ClInclude>
    <ClInclude Include="OBJLoader.h">
      <Filter>Pliki nagłówkowe\Loaders</Filter>
    </ClInclude>
    <ClInclude Include="loader.h">
      <Filter>Pliki nagłówkowe\Loaders</Filter>
    </ClInclude>
    <ClInclude Include="texturedModel.h">
      <Filter>Pliki nagłówkowe\models</Filter>
    </ClInclude>
    <ClInclude Include="texture.h">
      <Filter>Pliki nagłówkowe\models</Filter>
    </ClInclude>
    <ClInclude Include="rawModel.h">
      <Filter>Pliki nagłówkowe\models</Filter>
    </ClInclude>
    <ClInclude Include="modelTexture.h">
      <Filter>Pliki nagłówkowe\models</Filter>
    </ClInclude>
    <ClInclude Include="GLTexture.h">
      <Filter>Pliki nagłówkowe\models</Filter>
    </ClInclude>
    <ClInclude Include="camera.h">
      <Filter>Pliki nagłówkowe\models</Filter>
    </ClInclude>
    <ClInclude Include="entity.h">
      <Filter>Pliki nagłówkowe\models</Filter>
    </ClInclude>
    <ClInclude Include="mouse.h">
      <Filter>Pliki nagłówkowe\Input</Filter>
    </ClInclude>
    <ClInclude Include="IO.h">
      <Filter>Pliki nagłówkowe\Misc</Filter>
    </ClInclude>
    <ClInclude Include="errors.h">
      <Filter>Pliki nagłówkowe\Misc</Filter>
    </ClInclude>
    <ClInclude Include="picoPng.h">
      <Filter>Pliki nagłówkowe\Misc</Filter>
    </ClInclude>
    <ClInclude Include="window.h">
      <Filter>Pliki nagłówkowe\Misc</Filter>
    </ClInclude>
    <ClInclude Include="utils.h">
      <Filter>Pliki nagłówkowe\Misc</Filter>
    </ClInclude>
    <ClInclude Include="timer.h">
      <Filter>Pliki nagłówkowe\Misc</Filter>
    </ClInclude>
    <ClInclude Include="player.h">
      <Filter>Pliki nagłówkowe\models</Filter>
    </ClInclude>
    <ClInclude Include="camera3d.h">
      <Filter>Pliki nagłówkowe\models</Filter>
    </ClInclude>
    <ClInclude Include="inputManager.h">
      <Filter>Pliki nagłówkowe</Filter>
    </ClInclude>
    <ClInclude Include="light.h">
      <Filter>Pliki nagłówkowe\models</Filter>
    </ClInclude>
    <ClInclude Include="planet.h">
      <Filter>Pliki nagłówkowe</Filter>
    </ClInclude>
    <ClInclude Include="entityRenderer.h">
      <Filter>Pliki nagłówkowe</Filter>
    </ClInclude>
  </ItemGroup>
  <ItemGroup>
    <ClCompile Include="errors.cpp">
      <Filter>Pliki źródłowe</Filter>
    </ClCompile>
    <ClCompile Include="MasterRenderer.cpp">
      <Filter>Pliki źródłowe\Renderer</Filter>
    </ClCompile>
    <ClCompile Include="window.cpp">
      <Filter>Pliki źródłowe</Filter>
    </ClCompile>
    <ClCompile Include="mouse.cpp">
      <Filter>Pliki źródłowe</Filter>
    </ClCompile>
    <ClCompile Include="shaderProgram.cpp">
      <Filter>Pliki źródłowe</Filter>
    </ClCompile>
    <ClCompile Include="staticShader.cpp">
      <Filter>Pliki źródłowe</Filter>
    </ClCompile>
    <ClCompile Include="camera.cpp">
      <Filter>Pliki źródłowe</Filter>
    </ClCompile>
    <ClCompile Include="texture.cpp">
      <Filter>Pliki źródłowe</Filter>
    </ClCompile>
    <ClCompile Include="picoPng.cpp">
      <Filter>Pliki źródłowe</Filter>
    </ClCompile>
    <ClCompile Include="IO.cpp">
      <Filter>Pliki źródłowe</Filter>
    </ClCompile>
    <ClCompile Include="rawModel.cpp">
      <Filter>Pliki źródłowe</Filter>
    </ClCompile>
    <ClCompile Include="OBJLoader.cpp">
      <Filter>Pliki źródłowe</Filter>
    </ClCompile>
    <ClCompile Include="loader.cpp">
      <Filter>Pliki źródłowe</Filter>
    </ClCompile>
    <ClCompile Include="resourceManager.cpp">
      <Filter>Pliki źródłowe</Filter>
    </ClCompile>
    <ClCompile Include="entity.cpp">
      <Filter>Pliki źródłowe</Filter>
    </ClCompile>
    <ClCompile Include="texturedModel.cpp">
      <Filter>Pliki źródłowe</Filter>
    </ClCompile>
    <ClCompile Include="modelTexture.cpp">
      <Filter>Pliki źródłowe</Filter>
    </ClCompile>
    <ClCompile Include="camera3d.cpp">
      <Filter>Pliki źródłowe</Filter>
    </ClCompile>
    <ClCompile Include="player.cpp">
      <Filter>Pliki źródłowe</Filter>
    </ClCompile>
    <ClCompile Include="utils.cpp">
      <Filter>Pliki źródłowe</Filter>
    </ClCompile>
    <ClCompile Include="timer.cpp">
      <Filter>Pliki źródłowe</Filter>
    </ClCompile>
    <ClCompile Include="inputManager.cpp">
      <Filter>Pliki źródłowe</Filter>
    </ClCompile>
    <ClCompile Include="light.cpp">
      <Filter>Pliki źródłowe</Filter>
    </ClCompile>
    <ClCompile Include="planet.cpp">
      <Filter>Pliki źródłowe</Filter>
    </ClCompile>
    <ClCompile Include="entityRenderer.cpp">
      <Filter>Pliki źródłowe</Filter>
    </ClCompile>
  </ItemGroup>
</Project>